
Microsoft Visual Studio Solution File, Format Version 12.00
# Visual Studio 2013
VisualStudioVersion = 12.0.31101.0
MinimumVisualStudioVersion = 10.0.40219.1
Project("{8BC9CEB8-8B4A-11D0-8D11-00A0C91BC942}") = "EcoWorld", "EcoWorld\EcoWorld.vcxproj", "{4AC0FF86-7475-4CD2-959A-1249E8234FB7}"
EndProject
Project("{8BC9CEB8-8B4A-11D0-8D11-00A0C91BC942}") = "EcoWorldSaveConverter", "EcoWorldSaveConverter\EcoWorldSaveConverter.vcxproj", "{AD05C4A8-A8DD-4568-842C-7E42FF24F561}"
EndProject
Project("{8BC9CEB8-8B4A-11D0-8D11-00A0C91BC942}") = "EcoWorldTests", "EcoWorldTests\EcoWorldTests.vcxproj", "{5CF1B433-69A3-437D-B2AA-DB3813D134C9}"
EndProject
Project("{F088123C-0E9E-452A-89E6-6BA2F21D5CAC}") = "EcoWorldModels", "EcoWorldModels\EcoWorldModels.modelproj", "{F6F442FE-ECBC-4765-9087-903652A17199}"
EndProject
Global
	GlobalSection(SolutionConfigurationPlatforms) = preSolution
		Debug|Any CPU = Debug|Any CPU
		Debug|Mixed Platforms = Debug|Mixed Platforms
		Debug|Win32 = Debug|Win32
		Debug|x64 = Debug|x64
		Release (Compatibility)|Any CPU = Release (Compatibility)|Any CPU
		Release (Compatibility)|Mixed Platforms = Release (Compatibility)|Mixed Platforms
		Release (Compatibility)|Win32 = Release (Compatibility)|Win32
		Release (Compatibility)|x64 = Release (Compatibility)|x64
		Release (Kid version)|Any CPU = Release (Kid version)|Any CPU
		Release (Kid version)|Mixed Platforms = Release (Kid version)|Mixed Platforms
		Release (Kid version)|Win32 = Release (Kid version)|Win32
		Release (Kid version)|x64 = Release (Kid version)|x64
		Release|Any CPU = Release|Any CPU
		Release|Mixed Platforms = Release|Mixed Platforms
		Release|Win32 = Release|Win32
		Release|x64 = Release|x64
	EndGlobalSection
	GlobalSection(ProjectConfigurationPlatforms) = postSolution
		{4AC0FF86-7475-4CD2-959A-1249E8234FB7}.Debug|Any CPU.ActiveCfg = Debug|Win32
		{4AC0FF86-7475-4CD2-959A-1249E8234FB7}.Debug|Mixed Platforms.ActiveCfg = Debug|Win32
		{4AC0FF86-7475-4CD2-959A-1249E8234FB7}.Debug|Mixed Platforms.Build.0 = Debug|Win32
		{4AC0FF86-7475-4CD2-959A-1249E8234FB7}.Debug|Win32.ActiveCfg = Debug|Win32
		{4AC0FF86-7475-4CD2-959A-1249E8234FB7}.Debug|Win32.Build.0 = Debug|Win32
		{4AC0FF86-7475-4CD2-959A-1249E8234FB7}.Debug|x64.ActiveCfg = Debug|x64
		{4AC0FF86-7475-4CD2-959A-1249E8234FB7}.Debug|x64.Build.0 = Debug|x64
		{4AC0FF86-7475-4CD2-959A-1249E8234FB7}.Release (Compatibility)|Any CPU.ActiveCfg = Release (Compatibility mode)|Win32
		{4AC0FF86-7475-4CD2-959A-1249E8234FB7}.Release (Compatibility)|Mixed Platforms.ActiveCfg = Release (Compatibility mode)|Win32
		{4AC0FF86-7475-4CD2-959A-1249E8234FB7}.Release (Compatibility)|Mixed Platforms.Build.0 = Release (Compatibility mode)|Win32
		{4AC0FF86-7475-4CD2-959A-1249E8234FB7}.Release (Compatibility)|Win32.ActiveCfg = Release (Compatibility mode)|Win32
		{4AC0FF86-7475-4CD2-959A-1249E8234FB7}.Release (Compatibility)|Win32.Build.0 = Release (Compatibility mode)|Win32
		{4AC0FF86-7475-4CD2-959A-1249E8234FB7}.Release (Compatibility)|x64.ActiveCfg = Release (Compatibility mode)|x64
		{4AC0FF86-7475-4CD2-959A-1249E8234FB7}.Release (Compatibility)|x64.Build.0 = Release (Compatibility mode)|x64
		{4AC0FF86-7475-4CD2-959A-1249E8234FB7}.Release (Kid version)|Any CPU.ActiveCfg = Release (Kid version)|Win32
		{4AC0FF86-7475-4CD2-959A-1249E8234FB7}.Release (Kid version)|Mixed Platforms.ActiveCfg = Release (Kid version)|Win32
		{4AC0FF86-7475-4CD2-959A-1249E8234FB7}.Release (Kid version)|Mixed Platforms.Build.0 = Release (Kid version)|Win32
		{4AC0FF86-7475-4CD2-959A-1249E8234FB7}.Release (Kid version)|Win32.ActiveCfg = Release (Kid version)|Win32
		{4AC0FF86-7475-4CD2-959A-1249E8234FB7}.Release (Kid version)|Win32.Build.0 = Release (Kid version)|Win32
		{4AC0FF86-7475-4CD2-959A-1249E8234FB7}.Release (Kid version)|x64.ActiveCfg = Release (Kid version)|x64
		{4AC0FF86-7475-4CD2-959A-1249E8234FB7}.Release (Kid version)|x64.Build.0 = Release (Kid version)|x64
		{4AC0FF86-7475-4CD2-959A-1249E8234FB7}.Release|Any CPU.ActiveCfg = Release|Win32
		{4AC0FF86-7475-4CD2-959A-1249E8234FB7}.Release|Mixed Platforms.ActiveCfg = Release|Win32
		{4AC0FF86-7475-4CD2-959A-1249E8234FB7}.Release|Mixed Platforms.Build.0 = Release|Win32
		{4AC0FF86-7475-4CD2-959A-1249E8234FB7}.Release|Win32.ActiveCfg = Release|Win32
		{4AC0FF86-7475-4CD2-959A-1249E8234FB7}.Release|Win32.Build.0 = Release|Win32
		{4AC0FF86-7475-4CD2-959A-1249E8234FB7}.Release|x64.ActiveCfg = Release|x64
		{4AC0FF86-7475-4CD2-959A-1249E8234FB7}.Release|x64.Build.0 = Release|x64
		{AD05C4A8-A8DD-4568-842C-7E42FF24F561}.Debug|Any CPU.ActiveCfg = Debug|Win32
		{AD05C4A8-A8DD-4568-842C-7E42FF24F561}.Debug|Mixed Platforms.ActiveCfg = Debug|Win32
		{AD05C4A8-A8DD-4568-842C-7E42FF24F561}.Debug|Win32.ActiveCfg = Debug|Win32
		{AD05C4A8-A8DD-4568-842C-7E42FF24F561}.Debug|Win32.Build.0 = Debug|Win32
		{AD05C4A8-A8DD-4568-842C-7E42FF24F561}.Debug|x64.ActiveCfg = Debug|x64
		{AD05C4A8-A8DD-4568-842C-7E42FF24F561}.Debug|x64.Build.0 = Debug|x64
		{AD05C4A8-A8DD-4568-842C-7E42FF24F561}.Release (Compatibility)|Any CPU.ActiveCfg = Release (Kid version)|Win32
		{AD05C4A8-A8DD-4568-842C-7E42FF24F561}.Release (Compatibility)|Mixed Platforms.ActiveCfg = Release (Kid version)|Win32
		{AD05C4A8-A8DD-4568-842C-7E42FF24F561}.Release (Compatibility)|Win32.ActiveCfg = Release|Win32
		{AD05C4A8-A8DD-4568-842C-7E42FF24F561}.Release (Compatibility)|Win32.Build.0 = Release|Win32
		{AD05C4A8-A8DD-4568-842C-7E42FF24F561}.Release (Compatibility)|x64.ActiveCfg = Release (Kid version)|x64
		{AD05C4A8-A8DD-4568-842C-7E42FF24F561}.Release (Compatibility)|x64.Build.0 = Release (Kid version)|x64
		{AD05C4A8-A8DD-4568-842C-7E42FF24F561}.Release (Kid version)|Any CPU.ActiveCfg = Release (Kid version)|Win32
		{AD05C4A8-A8DD-4568-842C-7E42FF24F561}.Release (Kid version)|Mixed Platforms.ActiveCfg = Release (Kid version)|Win32
		{AD05C4A8-A8DD-4568-842C-7E42FF24F561}.Release (Kid version)|Win32.ActiveCfg = Release (Kid version)|Win32
		{AD05C4A8-A8DD-4568-842C-7E42FF24F561}.Release (Kid version)|Win32.Build.0 = Release (Kid version)|Win32
		{AD05C4A8-A8DD-4568-842C-7E42FF24F561}.Release (Kid version)|x64.ActiveCfg = Release (Kid version)|x64
		{AD05C4A8-A8DD-4568-842C-7E42FF24F561}.Release (Kid version)|x64.Build.0 = Release (Kid version)|x64
		{AD05C4A8-A8DD-4568-842C-7E42FF24F561}.Release|Any CPU.ActiveCfg = Release|Win32
		{AD05C4A8-A8DD-4568-842C-7E42FF24F561}.Release|Mixed Platforms.ActiveCfg = Release|Win32
		{AD05C4A8-A8DD-4568-842C-7E42FF24F561}.Release|Win32.ActiveCfg = Release|Win32
		{AD05C4A8-A8DD-4568-842C-7E42FF24F561}.Release|Win32.Build.0 = Release|Win32
		{AD05C4A8-A8DD-4568-842C-7E42FF24F561}.Release|x64.ActiveCfg = Release|x64
		{AD05C4A8-A8DD-4568-842C-7E42FF24F561}.Release|x64.Build.0 = Release|x64
		{5CF1B433-69A3-437D-B2AA-DB3813D134C9}.Debug|Any CPU.ActiveCfg = Debug|Win32
		{5CF1B433-69A3-437D-B2AA-DB3813D134C9}.Debug|Mixed Platforms.ActiveCfg = Debug|Win32
		{5CF1B433-69A3-437D-B2AA-DB3813D134C9}.Debug|Win32.ActiveCfg = Debug|Win32
		{5CF1B433-69A3-437D-B2AA-DB3813D134C9}.Debug|Win32.Build.0 = Debug|Win32
		{5CF1B433-69A3-437D-B2AA-DB3813D134C9}.Debug|x64.ActiveCfg = Debug|Win32
		{5CF1B433-69A3-437D-B2AA-DB3813D134C9}.Release (Compatibility)|Any CPU.ActiveCfg = Release|Win32
		{5CF1B433-69A3-437D-B2AA-DB3813D134C9}.Release (Compatibility)|Mixed Platforms.ActiveCfg = Release|Win32
		{5CF1B433-69A3-437D-B2AA-DB3813D134C9}.Release (Compatibility)|Win32.ActiveCfg = Release|Win32
		{5CF1B433-69A3-437D-B2AA-DB3813D134C9}.Release (Compatibility)|Win32.Build.0 = Release|Win32
		{5CF1B433-69A3-437D-B2AA-DB3813D134C9}.Release (Compatibility)|x64.ActiveCfg = Release|Win32
		{5CF1B433-69A3-437D-B2AA-DB3813D134C9}.Release (Kid version)|Any CPU.ActiveCfg = Release|Win32
		{5CF1B433-69A3-437D-B2AA-DB3813D134C9}.Release (Kid version)|Mixed Platforms.ActiveCfg = Release|Win32
		{5CF1B433-69A3-437D-B2AA-DB3813D134C9}.Release (Kid version)|Win32.ActiveCfg = Release|Win32
		{5CF1B433-69A3-437D-B2AA-DB3813D134C9}.Release (Kid version)|Win32.Build.0 = Release|Win32
		{5CF1B433-69A3-437D-B2AA-DB3813D134C9}.Release (Kid version)|x64.ActiveCfg = Release|Win32
		{5CF1B433-69A3-437D-B2AA-DB3813D134C9}.Release|Any CPU.ActiveCfg = Release|Win32
		{5CF1B433-69A3-437D-B2AA-DB3813D134C9}.Release|Mixed Platforms.ActiveCfg = Release|Win32
		{5CF1B433-69A3-437D-B2AA-DB3813D134C9}.Release|Win32.ActiveCfg = Release|Win32
		{5CF1B433-69A3-437D-B2AA-DB3813D134C9}.Release|Win32.Build.0 = Release|Win32
		{5CF1B433-69A3-437D-B2AA-DB3813D134C9}.Release|x64.ActiveCfg = Release|Win32
		{F6F442FE-ECBC-4765-9087-903652A17199}.Debug|Any CPU.ActiveCfg = Debug|Any CPU
		{F6F442FE-ECBC-4765-9087-903652A17199}.Debug|Any CPU.Build.0 = Debug|Any CPU
		{F6F442FE-ECBC-4765-9087-903652A17199}.Debug|Mixed Platforms.ActiveCfg = Debug|Any CPU
		{F6F442FE-ECBC-4765-9087-903652A17199}.Debug|Mixed Platforms.Build.0 = Debug|Any CPU
		{F6F442FE-ECBC-4765-9087-903652A17199}.Debug|Win32.ActiveCfg = Debug|Any CPU
		{F6F442FE-ECBC-4765-9087-903652A17199}.Debug|x64.ActiveCfg = Debug|Any CPU
		{F6F442FE-ECBC-4765-9087-903652A17199}.Release (Compatibility)|Any CPU.ActiveCfg = Release|Any CPU
		{F6F442FE-ECBC-4765-9087-903652A17199}.Release (Compatibility)|Any CPU.Build.0 = Release|Any CPU
		{F6F442FE-ECBC-4765-9087-903652A17199}.Release (Compatibility)|Mixed Platforms.ActiveCfg = Release|Any CPU
		{F6F442FE-ECBC-4765-9087-903652A17199}.Release (Compatibility)|Mixed Platforms.Build.0 = Release|Any CPU
		{F6F442FE-ECBC-4765-9087-903652A17199}.Release (Compatibility)|Win32.ActiveCfg = Release|Any CPU
		{F6F442FE-ECBC-4765-9087-903652A17199}.Release (Compatibility)|x64.ActiveCfg = Release|Any CPU
		{F6F442FE-ECBC-4765-9087-903652A17199}.Release (Kid version)|Any CPU.ActiveCfg = Release|Any CPU
		{F6F442FE-ECBC-4765-9087-903652A17199}.Release (Kid version)|Any CPU.Build.0 = Release|Any CPU
		{F6F442FE-ECBC-4765-9087-903652A17199}.Release (Kid version)|Mixed Platforms.ActiveCfg = Release|Any CPU
		{F6F442FE-ECBC-4765-9087-903652A17199}.Release (Kid version)|Mixed Platforms.Build.0 = Release|Any CPU
		{F6F442FE-ECBC-4765-9087-903652A17199}.Release (Kid version)|Win32.ActiveCfg = Release|Any CPU
		{F6F442FE-ECBC-4765-9087-903652A17199}.Release (Kid version)|x64.ActiveCfg = Release|Any CPU
		{F6F442FE-ECBC-4765-9087-903652A17199}.Release|Any CPU.ActiveCfg = Release|Any CPU
		{F6F442FE-ECBC-4765-9087-903652A17199}.Release|Any CPU.Build.0 = Release|Any CPU
		{F6F442FE-ECBC-4765-9087-903652A17199}.Release|Mixed Platforms.ActiveCfg = Release|Any CPU
		{F6F442FE-ECBC-4765-9087-903652A17199}.Release|Mixed Platforms.Build.0 = Release|Any CPU
		{F6F442FE-ECBC-4765-9087-903652A17199}.Release|Win32.ActiveCfg = Release|Any CPU
		{F6F442FE-ECBC-4765-9087-903652A17199}.Release|x64.ActiveCfg = Release|Any CPU
	EndGlobalSection
	GlobalSection(SolutionProperties) = preSolution
		HideSolutionNode = FALSE
	EndGlobalSection
EndGlobal
